
Microsoft Visual Studio Solution File, Format Version 11.00
# Visual Studio 2010
Project("{FAE04EC0-301F-11D3-BF4B-00C04F79EFBC}") = "Assembly-CSharp", "Assembly-CSharp.csproj", "{5abf36bc-237b-218a-f676-c61d49c6a0bc}"
EndProject
Project("{FAE04EC0-301F-11D3-BF4B-00C04F79EFBC}") = "Assembly-CSharp-Editor", "Assembly-CSharp-Editor.csproj", "{7abb7263-305a-2e85-3190-ecb61ca73b22}"
EndProject
Global
	GlobalSection(SolutionConfigurationPlatforms) = preSolution
		Debug|Any CPU = Debug|Any CPU
	EndGlobalSection
	GlobalSection(ProjectConfigurationPlatforms) = postSolution
		{5abf36bc-237b-218a-f676-c61d49c6a0bc}.Debug|Any CPU.ActiveCfg = Debug|Any CPU
		{5abf36bc-237b-218a-f676-c61d49c6a0bc}.Debug|Any CPU.Build.0 = Debug|Any CPU
		{7abb7263-305a-2e85-3190-ecb61ca73b22}.Debug|Any CPU.ActiveCfg = Debug|Any CPU
		{7abb7263-305a-2e85-3190-ecb61ca73b22}.Debug|Any CPU.Build.0 = Debug|Any CPU
	EndGlobalSection
	GlobalSection(SolutionProperties) = preSolution
		HideSolutionNode = FALSE
	EndGlobalSection
EndGlobal
